// !$*UTF8*$!
{
	archiveVersion = 1;
	classes = {
	};
	objectVersion = 56;
	objects = {

/* Begin PBXBuildFile section */
		F4A27BD52C4E7C9E004CDD0B /* DevToolApp.swift in Sources */ = {isa = PBXBuildFile; fileRef = F4A27BD42C4E7C9E004CDD0B /* DevToolApp.swift */; };
		F4A27BD72C4E7C9E004CDD0B /* ContentView.swift in Sources */ = {isa = PBXBuildFile; fileRef = F4A27BD62C4E7C9E004CDD0B /* ContentView.swift */; };
		F4A27BD92C4E7C9F004CDD0B /* Assets.xcassets in Resources */ = {isa = PBXBuildFile; fileRef = F4A27BD82C4E7C9F004CDD0B /* Assets.xcassets */; };
		F4A27BDD2C4E7C9F004CDD0B /* Preview Assets.xcassets in Resources */ = {isa = PBXBuildFile; fileRef = F4A27BDC2C4E7C9F004CDD0B /* Preview Assets.xcassets */; };
		F4F0D49B2CB6B4910060BEC2 /* ImageDiffing.swift in Sources */ = {isa = PBXBuildFile; fileRef = F4F0D49A2CB6B4910060BEC2 /* ImageDiffing.swift */; };
		F4F0D49D2CB6B4CF0060BEC2 /* TextDiffing.swift in Sources */ = {isa = PBXBuildFile; fileRef = F4F0D49C2CB6B4CF0060BEC2 /* TextDiffing.swift */; };
		F4F0D49F2CB6BA9B0060BEC2 /* DiffImageCreator.swift in Sources */ = {isa = PBXBuildFile; fileRef = F4F0D49E2CB6BA9B0060BEC2 /* DiffImageCreator.swift */; };
		F4F0D4A12CB6C7F50060BEC2 /* DiffImageBlendAnimator.swift in Sources */ = {isa = PBXBuildFile; fileRef = F4F0D4A02CB6C7F50060BEC2 /* DiffImageBlendAnimator.swift */; };
/* End PBXBuildFile section */

/* Begin PBXFileReference section */
		F4A27BD12C4E7C9E004CDD0B /* DevTool.app */ = {isa = PBXFileReference; explicitFileType = wrapper.application; includeInIndex = 0; path = DevTool.app; sourceTree = BUILT_PRODUCTS_DIR; };
		F4A27BD42C4E7C9E004CDD0B /* DevToolApp.swift */ = {isa = PBXFileReference; lastKnownFileType = sourcecode.swift; path = DevToolApp.swift; sourceTree = "<group>"; };
		F4A27BD62C4E7C9E004CDD0B /* ContentView.swift */ = {isa = PBXFileReference; lastKnownFileType = sourcecode.swift; path = ContentView.swift; sourceTree = "<group>"; };
		F4A27BD82C4E7C9F004CDD0B /* Assets.xcassets */ = {isa = PBXFileReference; lastKnownFileType = folder.assetcatalog; path = Assets.xcassets; sourceTree = "<group>"; };
		F4A27BDA2C4E7C9F004CDD0B /* DevTool.entitlements */ = {isa = PBXFileReference; lastKnownFileType = text.plist.entitlements; path = DevTool.entitlements; sourceTree = "<group>"; };
		F4A27BDC2C4E7C9F004CDD0B /* Preview Assets.xcassets */ = {isa = PBXFileReference; lastKnownFileType = folder.assetcatalog; path = "Preview Assets.xcassets"; sourceTree = "<group>"; };
		F4F0D49A2CB6B4910060BEC2 /* ImageDiffing.swift */ = {isa = PBXFileReference; lastKnownFileType = sourcecode.swift; path = ImageDiffing.swift; sourceTree = "<group>"; };
		F4F0D49C2CB6B4CF0060BEC2 /* TextDiffing.swift */ = {isa = PBXFileReference; lastKnownFileType = sourcecode.swift; path = TextDiffing.swift; sourceTree = "<group>"; };
		F4F0D49E2CB6BA9B0060BEC2 /* DiffImageCreator.swift */ = {isa = PBXFileReference; lastKnownFileType = sourcecode.swift; path = DiffImageCreator.swift; sourceTree = "<group>"; };
		F4F0D4A02CB6C7F50060BEC2 /* DiffImageBlendAnimator.swift */ = {isa = PBXFileReference; lastKnownFileType = sourcecode.swift; path = DiffImageBlendAnimator.swift; sourceTree = "<group>"; };
/* End PBXFileReference section */

/* Begin PBXFrameworksBuildPhase section */
		F4A27BCE2C4E7C9E004CDD0B /* Frameworks */ = {
			isa = PBXFrameworksBuildPhase;
			buildActionMask = 2147483647;
			files = (
			);
			runOnlyForDeploymentPostprocessing = 0;
		};
/* End PBXFrameworksBuildPhase section */

/* Begin PBXGroup section */
		F4A27BC82C4E7C9E004CDD0B = {
			isa = PBXGroup;
			children = (
				F4A27BD32C4E7C9E004CDD0B /* DevTool */,
				F4A27BD22C4E7C9E004CDD0B /* Products */,
			);
			sourceTree = "<group>";
		};
		F4A27BD22C4E7C9E004CDD0B /* Products */ = {
			isa = PBXGroup;
			children = (
				F4A27BD12C4E7C9E004CDD0B /* DevTool.app */,
			);
			name = Products;
			sourceTree = "<group>";
		};
		F4A27BD32C4E7C9E004CDD0B /* DevTool */ = {
			isa = PBXGroup;
			children = (
				F4A27BD42C4E7C9E004CDD0B /* DevToolApp.swift */,
				F4A27BD62C4E7C9E004CDD0B /* ContentView.swift */,
				F4F0D49C2CB6B4CF0060BEC2 /* TextDiffing.swift */,
				F4F0D49A2CB6B4910060BEC2 /* ImageDiffing.swift */,
				F4F0D49E2CB6BA9B0060BEC2 /* DiffImageCreator.swift */,
				F4F0D4A02CB6C7F50060BEC2 /* DiffImageBlendAnimator.swift */,
				F4A27BD82C4E7C9F004CDD0B /* Assets.xcassets */,
				F4A27BDA2C4E7C9F004CDD0B /* DevTool.entitlements */,
				F4A27BDB2C4E7C9F004CDD0B /* Preview Content */,
			);
			path = DevTool;
			sourceTree = "<group>";
		};
		F4A27BDB2C4E7C9F004CDD0B /* Preview Content */ = {
			isa = PBXGroup;
			children = (
				F4A27BDC2C4E7C9F004CDD0B /* Preview Assets.xcassets */,
			);
			path = "Preview Content";
			sourceTree = "<group>";
		};
/* End PBXGroup section */

/* Begin PBXNativeTarget section */
		F4A27BD02C4E7C9E004CDD0B /* DevTool */ = {
			isa = PBXNativeTarget;
			buildConfigurationList = F4A27BE02C4E7C9F004CDD0B /* Build configuration list for PBXNativeTarget "DevTool" */;
			buildPhases = (
				F4A27BCD2C4E7C9E004CDD0B /* Sources */,
				F4A27BCE2C4E7C9E004CDD0B /* Frameworks */,
				F4A27BCF2C4E7C9E004CDD0B /* Resources */,
			);
			buildRules = (
			);
			dependencies = (
			);
			name = DevTool;
			productName = DevTool;
			productReference = F4A27BD12C4E7C9E004CDD0B /* DevTool.app */;
			productType = "com.apple.product-type.application";
		};
/* End PBXNativeTarget section */

/* Begin PBXProject section */
		F4A27BC92C4E7C9E004CDD0B /* Project object */ = {
			isa = PBXProject;
			attributes = {
				BuildIndependentTargetsInParallel = 1;
				LastSwiftUpdateCheck = 1540;
				LastUpgradeCheck = 1600;
				TargetAttributes = {
					F4A27BD02C4E7C9E004CDD0B = {
						CreatedOnToolsVersion = 15.4;
					};
				};
			};
			buildConfigurationList = F4A27BCC2C4E7C9E004CDD0B /* Build configuration list for PBXProject "DevTool" */;
			compatibilityVersion = "Xcode 14.0";
			developmentRegion = en;
			hasScannedForEncodings = 0;
			knownRegions = (
				en,
				Base,
			);
			mainGroup = F4A27BC82C4E7C9E004CDD0B;
			productRefGroup = F4A27BD22C4E7C9E004CDD0B /* Products */;
			projectDirPath = "";
			projectRoot = "";
			targets = (
				F4A27BD02C4E7C9E004CDD0B /* DevTool */,
			);
		};
/* End PBXProject section */

/* Begin PBXResourcesBuildPhase section */
		F4A27BCF2C4E7C9E004CDD0B /* Resources */ = {
			isa = PBXResourcesBuildPhase;
			buildActionMask = 2147483647;
			files = (
				F4A27BDD2C4E7C9F004CDD0B /* Preview Assets.xcassets in Resources */,
				F4A27BD92C4E7C9F004CDD0B /* Assets.xcassets in Resources */,
			);
			runOnlyForDeploymentPostprocessing = 0;
		};
/* End PBXResourcesBuildPhase section */

/* Begin PBXSourcesBuildPhase section */
		F4A27BCD2C4E7C9E004CDD0B /* Sources */ = {
			isa = PBXSourcesBuildPhase;
			buildActionMask = 2147483647;
			files = (
				F4F0D49D2CB6B4CF0060BEC2 /* TextDiffing.swift in Sources */,
				F4F0D4A12CB6C7F50060BEC2 /* DiffImageBlendAnimator.swift in Sources */,
				F4F0D49B2CB6B4910060BEC2 /* ImageDiffing.swift in Sources */,
				F4A27BD72C4E7C9E004CDD0B /* ContentView.swift in Sources */,
				F4A27BD52C4E7C9E004CDD0B /* DevToolApp.swift in Sources */,
				F4F0D49F2CB6BA9B0060BEC2 /* DiffImageCreator.swift in Sources */,
			);
			runOnlyForDeploymentPostprocessing = 0;
		};
/* End PBXSourcesBuildPhase section */

/* Begin XCBuildConfiguration section */
		F4A27BDE2C4E7C9F004CDD0B /* Debug */ = {
			isa = XCBuildConfiguration;
			buildSettings = {
				ALWAYS_SEARCH_USER_PATHS = NO;
				ASSETCATALOG_COMPILER_GENERATE_SWIFT_ASSET_SYMBOL_EXTENSIONS = YES;
				CLANG_ANALYZER_NONNULL = YES;
				CLANG_ANALYZER_NUMBER_OBJECT_CONVERSION = YES_AGGRESSIVE;
				CLANG_CXX_LANGUAGE_STANDARD = "gnu++20";
				CLANG_ENABLE_MODULES = YES;
				CLANG_ENABLE_OBJC_ARC = YES;
				CLANG_ENABLE_OBJC_WEAK = YES;
				CLANG_WARN_BLOCK_CAPTURE_AUTORELEASING = YES;
				CLANG_WARN_BOOL_CONVERSION = YES;
				CLANG_WARN_COMMA = YES;
				CLANG_WARN_CONSTANT_CONVERSION = YES;
				CLANG_WARN_DEPRECATED_OBJC_IMPLEMENTATIONS = YES;
				CLANG_WARN_DIRECT_OBJC_ISA_USAGE = YES_ERROR;
				CLANG_WARN_DOCUMENTATION_COMMENTS = YES;
				CLANG_WARN_EMPTY_BODY = YES;
				CLANG_WARN_ENUM_CONVERSION = YES;
				CLANG_WARN_INFINITE_RECURSION = YES;
				CLANG_WARN_INT_CONVERSION = YES;
				CLANG_WARN_NON_LITERAL_NULL_CONVERSION = YES;
				CLANG_WARN_OBJC_IMPLICIT_RETAIN_SELF = YES;
				CLANG_WARN_OBJC_LITERAL_CONVERSION = YES;
				CLANG_WARN_OBJC_ROOT_CLASS = YES_ERROR;
				CLANG_WARN_QUOTED_INCLUDE_IN_FRAMEWORK_HEADER = YES;
				CLANG_WARN_RANGE_LOOP_ANALYSIS = YES;
				CLANG_WARN_STRICT_PROTOTYPES = YES;
				CLANG_WARN_SUSPICIOUS_MOVE = YES;
				CLANG_WARN_UNGUARDED_AVAILABILITY = YES_AGGRESSIVE;
				CLANG_WARN_UNREACHABLE_CODE = YES;
				CLANG_WARN__DUPLICATE_METHOD_MATCH = YES;
				COPY_PHASE_STRIP = NO;
				DEAD_CODE_STRIPPING = YES;
				DEBUG_INFORMATION_FORMAT = dwarf;
				ENABLE_STRICT_OBJC_MSGSEND = YES;
				ENABLE_TESTABILITY = YES;
				ENABLE_USER_SCRIPT_SANDBOXING = YES;
				GCC_C_LANGUAGE_STANDARD = gnu17;
				GCC_DYNAMIC_NO_PIC = NO;
				GCC_NO_COMMON_BLOCKS = YES;
				GCC_OPTIMIZATION_LEVEL = 0;
				GCC_PREPROCESSOR_DEFINITIONS = (
					"DEBUG=1",
					"$(inherited)",
				);
				GCC_WARN_64_TO_32_BIT_CONVERSION = YES;
				GCC_WARN_ABOUT_RETURN_TYPE = YES_ERROR;
				GCC_WARN_UNDECLARED_SELECTOR = YES;
				GCC_WARN_UNINITIALIZED_AUTOS = YES_AGGRESSIVE;
				GCC_WARN_UNUSED_FUNCTION = YES;
				GCC_WARN_UNUSED_VARIABLE = YES;
				LOCALIZATION_PREFERS_STRING_CATALOGS = YES;
				MTL_ENABLE_DEBUG_INFO = INCLUDE_SOURCE;
				MTL_FAST_MATH = YES;
				ONLY_ACTIVE_ARCH = YES;
				SWIFT_ACTIVE_COMPILATION_CONDITIONS = "DEBUG $(inherited)";
				SWIFT_OPTIMIZATION_LEVEL = "-Onone";
			};
			name = Debug;
		};
		F4A27BDF2C4E7C9F004CDD0B /* Release */ = {
			isa = XCBuildConfiguration;
			buildSettings = {
				ALWAYS_SEARCH_USER_PATHS = NO;
				ASSETCATALOG_COMPILER_GENERATE_SWIFT_ASSET_SYMBOL_EXTENSIONS = YES;
				CLANG_ANALYZER_NONNULL = YES;
				CLANG_ANALYZER_NUMBER_OBJECT_CONVERSION = YES_AGGRESSIVE;
				CLANG_CXX_LANGUAGE_STANDARD = "gnu++20";
				CLANG_ENABLE_MODULES = YES;
				CLANG_ENABLE_OBJC_ARC = YES;
				CLANG_ENABLE_OBJC_WEAK = YES;
				CLANG_WARN_BLOCK_CAPTURE_AUTORELEASING = YES;
				CLANG_WARN_BOOL_CONVERSION = YES;
				CLANG_WARN_COMMA = YES;
				CLANG_WARN_CONSTANT_CONVERSION = YES;
				CLANG_WARN_DEPRECATED_OBJC_IMPLEMENTATIONS = YES;
				CLANG_WARN_DIRECT_OBJC_ISA_USAGE = YES_ERROR;
				CLANG_WARN_DOCUMENTATION_COMMENTS = YES;
				CLANG_WARN_EMPTY_BODY = YES;
				CLANG_WARN_ENUM_CONVERSION = YES;
				CLANG_WARN_INFINITE_RECURSION = YES;
				CLANG_WARN_INT_CONVERSION = YES;
				CLANG_WARN_NON_LITERAL_NULL_CONVERSION = YES;
				CLANG_WARN_OBJC_IMPLICIT_RETAIN_SELF = YES;
				CLANG_WARN_OBJC_LITERAL_CONVERSION = YES;
				CLANG_WARN_OBJC_ROOT_CLASS = YES_ERROR;
				CLANG_WARN_QUOTED_INCLUDE_IN_FRAMEWORK_HEADER = YES;
				CLANG_WARN_RANGE_LOOP_ANALYSIS = YES;
				CLANG_WARN_STRICT_PROTOTYPES = YES;
				CLANG_WARN_SUSPICIOUS_MOVE = YES;
				CLANG_WARN_UNGUARDED_AVAILABILITY = YES_AGGRESSIVE;
				CLANG_WARN_UNREACHABLE_CODE = YES;
				CLANG_WARN__DUPLICATE_METHOD_MATCH = YES;
				COPY_PHASE_STRIP = NO;
				DEAD_CODE_STRIPPING = YES;
				DEBUG_INFORMATION_FORMAT = "dwarf-with-dsym";
				ENABLE_NS_ASSERTIONS = NO;
				ENABLE_STRICT_OBJC_MSGSEND = YES;
				ENABLE_USER_SCRIPT_SANDBOXING = YES;
				GCC_C_LANGUAGE_STANDARD = gnu17;
				GCC_NO_COMMON_BLOCKS = YES;
				GCC_WARN_64_TO_32_BIT_CONVERSION = YES;
				GCC_WARN_ABOUT_RETURN_TYPE = YES_ERROR;
				GCC_WARN_UNDECLARED_SELECTOR = YES;
				GCC_WARN_UNINITIALIZED_AUTOS = YES_AGGRESSIVE;
				GCC_WARN_UNUSED_FUNCTION = YES;
				GCC_WARN_UNUSED_VARIABLE = YES;
				LOCALIZATION_PREFERS_STRING_CATALOGS = YES;
				MTL_ENABLE_DEBUG_INFO = NO;
				MTL_FAST_MATH = YES;
				SWIFT_COMPILATION_MODE = wholemodule;
			};
			name = Release;
		};
		F4A27BE12C4E7C9F004CDD0B /* Debug */ = {
			isa = XCBuildConfiguration;
			buildSettings = {
				ASSETCATALOG_COMPILER_APPICON_NAME = AppIcon;
				ASSETCATALOG_COMPILER_GLOBAL_ACCENT_COLOR_NAME = AccentColor;
				CODE_SIGN_ENTITLEMENTS = DevTool/DevTool.entitlements;
				CODE_SIGN_STYLE = Manual;
				CURRENT_PROJECT_VERSION = 1;
				DEAD_CODE_STRIPPING = YES;
				DEVELOPMENT_ASSET_PATHS = "\"DevTool/Preview Content\"";
				DEVELOPMENT_TEAM = "";
				ENABLE_HARDENED_RUNTIME = YES;
				ENABLE_PREVIEWS = YES;
				GENERATE_INFOPLIST_FILE = YES;
				"INFOPLIST_KEY_UIApplicationSceneManifest_Generation[sdk=iphoneos*]" = YES;
				"INFOPLIST_KEY_UIApplicationSceneManifest_Generation[sdk=iphonesimulator*]" = YES;
				"INFOPLIST_KEY_UIApplicationSupportsIndirectInputEvents[sdk=iphoneos*]" = YES;
				"INFOPLIST_KEY_UIApplicationSupportsIndirectInputEvents[sdk=iphonesimulator*]" = YES;
				"INFOPLIST_KEY_UILaunchScreen_Generation[sdk=iphoneos*]" = YES;
				"INFOPLIST_KEY_UILaunchScreen_Generation[sdk=iphonesimulator*]" = YES;
				"INFOPLIST_KEY_UIStatusBarStyle[sdk=iphoneos*]" = UIStatusBarStyleDefault;
				"INFOPLIST_KEY_UIStatusBarStyle[sdk=iphonesimulator*]" = UIStatusBarStyleDefault;
				INFOPLIST_KEY_UISupportedInterfaceOrientations_iPad = "UIInterfaceOrientationPortrait UIInterfaceOrientationPortraitUpsideDown UIInterfaceOrientationLandscapeLeft UIInterfaceOrientationLandscapeRight";
				INFOPLIST_KEY_UISupportedInterfaceOrientations_iPhone = "UIInterfaceOrientationPortrait UIInterfaceOrientationLandscapeLeft UIInterfaceOrientationLandscapeRight";
				IPHONEOS_DEPLOYMENT_TARGET = 17.5;
				LD_RUNPATH_SEARCH_PATHS = "@executable_path/Frameworks";
				"LD_RUNPATH_SEARCH_PATHS[sdk=macosx*]" = "@executable_path/../Frameworks";
				MACOSX_DEPLOYMENT_TARGET = 14.5;
				MARKETING_VERSION = 1.0;
				PRODUCT_BUNDLE_IDENTIFIER = "com.studio-rookery.DevTool";
				PRODUCT_NAME = "$(TARGET_NAME)";
				PROVISIONING_PROFILE_SPECIFIER = "";
				SDKROOT = auto;
				SUPPORTED_PLATFORMS = "iphoneos iphonesimulator macosx";
				SWIFT_EMIT_LOC_STRINGS = YES;
				SWIFT_VERSION = 5.0;
				TARGETED_DEVICE_FAMILY = "1,2";
			};
			name = Debug;
		};
		F4A27BE22C4E7C9F004CDD0B /* Release */ = {
			isa = XCBuildConfiguration;
			buildSettings = {
				ASSETCATALOG_COMPILER_APPICON_NAME = AppIcon;
				ASSETCATALOG_COMPILER_GLOBAL_ACCENT_COLOR_NAME = AccentColor;
				CODE_SIGN_ENTITLEMENTS = DevTool/DevTool.entitlements;
				CODE_SIGN_STYLE = Manual;
				CURRENT_PROJECT_VERSION = 1;
				DEAD_CODE_STRIPPING = YES;
				DEVELOPMENT_ASSET_PATHS = "\"DevTool/Preview Content\"";
				DEVELOPMENT_TEAM = "";
				ENABLE_HARDENED_RUNTIME = YES;
				ENABLE_PREVIEWS = YES;
				GENERATE_INFOPLIST_FILE = YES;
				"INFOPLIST_KEY_UIApplicationSceneManifest_Generation[sdk=iphoneos*]" = YES;
				"INFOPLIST_KEY_UIApplicationSceneManifest_Generation[sdk=iphonesimulator*]" = YES;
				"INFOPLIST_KEY_UIApplicationSupportsIndirectInputEvents[sdk=iphoneos*]" = YES;
				"INFOPLIST_KEY_UIApplicationSupportsIndirectInputEvents[sdk=iphonesimulator*]" = YES;
				"INFOPLIST_KEY_UILaunchScreen_Generation[sdk=iphoneos*]" = YES;
				"INFOPLIST_KEY_UILaunchScreen_Generation[sdk=iphonesimulator*]" = YES;
				"INFOPLIST_KEY_UIStatusBarStyle[sdk=iphoneos*]" = UIStatusBarStyleDefault;
				"INFOPLIST_KEY_UIStatusBarStyle[sdk=iphonesimulator*]" = UIStatusBarStyleDefault;
				INFOPLIST_KEY_UISupportedInterfaceOrientations_iPad = "UIInterfaceOrientationPortrait UIInterfaceOrientationPortraitUpsideDown UIInterfaceOrientationLandscapeLeft UIInterfaceOrientationLandscapeRight";
				INFOPLIST_KEY_UISupportedInterfaceOrientations_iPhone = "UIInterfaceOrientationPortrait UIInterfaceOrientationLandscapeLeft UIInterfaceOrientationLandscapeRight";
				IPHONEOS_DEPLOYMENT_TARGET = 17.5;
				LD_RUNPATH_SEARCH_PATHS = "@executable_path/Frameworks";
				"LD_RUNPATH_SEARCH_PATHS[sdk=macosx*]" = "@executable_path/../Frameworks";
				MACOSX_DEPLOYMENT_TARGET = 14.5;
				MARKETING_VERSION = 1.0;
				PRODUCT_BUNDLE_IDENTIFIER = "com.studio-rookery.DevTool";
				PRODUCT_NAME = "$(TARGET_NAME)";
				PROVISIONING_PROFILE_SPECIFIER = "";
				SDKROOT = auto;
				SUPPORTED_PLATFORMS = "iphoneos iphonesimulator macosx";
				SWIFT_EMIT_LOC_STRINGS = YES;
				SWIFT_VERSION = 5.0;
				TARGETED_DEVICE_FAMILY = "1,2";
			};
			name = Release;
		};
/* End XCBuildConfiguration section */

/* Begin XCConfigurationList section */
		F4A27BCC2C4E7C9E004CDD0B /* Build configuration list for PBXProject "DevTool" */ = {
			isa = XCConfigurationList;
			buildConfigurations = (
				F4A27BDE2C4E7C9F004CDD0B /* Debug */,
				F4A27BDF2C4E7C9F004CDD0B /* Release */,
			);
			defaultConfigurationIsVisible = 0;
			defaultConfigurationName = Release;
		};
		F4A27BE02C4E7C9F004CDD0B /* Build configuration list for PBXNativeTarget "DevTool" */ = {
			isa = XCConfigurationList;
			buildConfigurations = (
				F4A27BE12C4E7C9F004CDD0B /* Debug */,
				F4A27BE22C4E7C9F004CDD0B /* Release */,
			);
			defaultConfigurationIsVisible = 0;
			defaultConfigurationName = Release;
		};
/* End XCConfigurationList section */
	};
	rootObject = F4A27BC92C4E7C9E004CDD0B /* Project object */;
}
